
Microsoft Visual Studio Solution File, Format Version 12.00
# Visual Studio Version 17
VisualStudioVersion = 17.0.31903.59
MinimumVisualStudioVersion = 10.0.40219.1
Project("{9A19103F-16F7-4668-BE54-9A1E7A4F7556}") = "Day01Task1", "Day01Task1\Day01Task1.csproj", "{519763DD-FE51-4116-92C8-851D23D10EE9}"
EndProject
Project("{9A19103F-16F7-4668-BE54-9A1E7A4F7556}") = "Day01Task2", "Day01Task2\Day01Task2.csproj", "{B78F3415-E738-4336-B265-871529CF9219}"
EndProject
Project("{9A19103F-16F7-4668-BE54-9A1E7A4F7556}") = "Day02Task1", "Day02Task1\Day02Task1.csproj", "{2DBDD9F7-F3C2-4060-9BFE-F5D7864673D9}"
EndProject
Project("{9A19103F-16F7-4668-BE54-9A1E7A4F7556}") = "Day02Task2", "Day02Task2\Day02Task2.csproj", "{30CB7209-5916-40FC-9C7E-8C0D260740E2}"
EndProject
Project("{9A19103F-16F7-4668-BE54-9A1E7A4F7556}") = "Day04Task1", "Day04Task1\Day04Task1.csproj", "{E6E93F6B-83D9-4B24-A849-3C32E0F89804}"
EndProject
Project("{9A19103F-16F7-4668-BE54-9A1E7A4F7556}") = "Day04Task2", "Day04Task2\Day04Task2.csproj", "{8B25C940-5B53-4475-A2E8-539A3867E021}"
EndProject
Global
	GlobalSection(SolutionConfigurationPlatforms) = preSolution
		Debug|Any CPU = Debug|Any CPU
		Release|Any CPU = Release|Any CPU
	EndGlobalSection
	GlobalSection(ProjectConfigurationPlatforms) = postSolution
		{519763DD-FE51-4116-92C8-851D23D10EE9}.Debug|Any CPU.ActiveCfg = Debug|Any CPU
		{519763DD-FE51-4116-92C8-851D23D10EE9}.Debug|Any CPU.Build.0 = Debug|Any CPU
		{519763DD-FE51-4116-92C8-851D23D10EE9}.Release|Any CPU.ActiveCfg = Release|Any CPU
		{519763DD-FE51-4116-92C8-851D23D10EE9}.Release|Any CPU.Build.0 = Release|Any CPU
		{B78F3415-E738-4336-B265-871529CF9219}.Debug|Any CPU.ActiveCfg = Debug|Any CPU
		{B78F3415-E738-4336-B265-871529CF9219}.Debug|Any CPU.Build.0 = Debug|Any CPU
		{B78F3415-E738-4336-B265-871529CF9219}.Release|Any CPU.ActiveCfg = Release|Any CPU
		{B78F3415-E738-4336-B265-871529CF9219}.Release|Any CPU.Build.0 = Release|Any CPU
		{2DBDD9F7-F3C2-4060-9BFE-F5D7864673D9}.Debug|Any CPU.ActiveCfg = Debug|Any CPU
		{2DBDD9F7-F3C2-4060-9BFE-F5D7864673D9}.Debug|Any CPU.Build.0 = Debug|Any CPU
		{2DBDD9F7-F3C2-4060-9BFE-F5D7864673D9}.Release|Any CPU.ActiveCfg = Release|Any CPU
		{2DBDD9F7-F3C2-4060-9BFE-F5D7864673D9}.Release|Any CPU.Build.0 = Release|Any CPU
		{30CB7209-5916-40FC-9C7E-8C0D260740E2}.Debug|Any CPU.ActiveCfg = Debug|Any CPU
		{30CB7209-5916-40FC-9C7E-8C0D260740E2}.Debug|Any CPU.Build.0 = Debug|Any CPU
		{30CB7209-5916-40FC-9C7E-8C0D260740E2}.Release|Any CPU.ActiveCfg = Release|Any CPU
		{30CB7209-5916-40FC-9C7E-8C0D260740E2}.Release|Any CPU.Build.0 = Release|Any CPU
		{E6E93F6B-83D9-4B24-A849-3C32E0F89804}.Debug|Any CPU.ActiveCfg = Debug|Any CPU
		{E6E93F6B-83D9-4B24-A849-3C32E0F89804}.Debug|Any CPU.Build.0 = Debug|Any CPU
		{E6E93F6B-83D9-4B24-A849-3C32E0F89804}.Release|Any CPU.ActiveCfg = Release|Any CPU
		{E6E93F6B-83D9-4B24-A849-3C32E0F89804}.Release|Any CPU.Build.0 = Release|Any CPU
		{8B25C940-5B53-4475-A2E8-539A3867E021}.Debug|Any CPU.ActiveCfg = Debug|Any CPU
		{8B25C940-5B53-4475-A2E8-539A3867E021}.Debug|Any CPU.Build.0 = Debug|Any CPU
		{8B25C940-5B53-4475-A2E8-539A3867E021}.Release|Any CPU.ActiveCfg = Release|Any CPU
		{8B25C940-5B53-4475-A2E8-539A3867E021}.Release|Any CPU.Build.0 = Release|Any CPU
	EndGlobalSection
	GlobalSection(SolutionProperties) = preSolution
		HideSolutionNode = FALSE
	EndGlobalSection
	GlobalSection(ExtensibilityGlobals) = postSolution
		SolutionGuid = {78801569-0385-4400-93E3-805129199856}
	EndGlobalSection
EndGlobal
